<?xml version="1.0" encoding="utf-8"?>
<Project ToolsVersion="4.0" xmlns="http://schemas.microsoft.com/developer/msbuild/2003">
  <ItemGroup>
    <ClCompile Include="main.cpp" />
    <ClCompile Include="User\UserManager.cpp" />
    <ClCompile Include="Packet\PacketSession.cpp">
      <Filter>Packet</Filter>
    </ClCompile>
    <ClCompile Include="Packet\PaketManager.cpp">
      <Filter>Packet</Filter>
    </ClCompile>
    <ClCompile Include="DB\DBConnection.cpp">
      <Filter>DB</Filter>
    </ClCompile>
    <ClCompile Include="DB\DBConnectionPool.cpp">
      <Filter>DB</Filter>
    </ClCompile>
    <ClCompile Include="DB\DBManager.cpp">
      <Filter>DB</Filter>
    </ClCompile>
    <ClCompile Include="RedisManager.cpp">
      <Filter>Redis</Filter>
    </ClCompile>
    <ClCompile Include="pch.cpp" />
    <ClCompile Include="Lock.cpp">
      <Filter>Thread</Filter>
    </ClCompile>
  </ItemGroup>
  <ItemGroup>
    <ClInclude Include="GameServer.h" />
    <ClInclude Include="CoreMacro.h" />
    <ClInclude Include="User\UserManager.h" />
    <ClInclude Include="ServerNetwork\ClientInfo.h">
      <Filter>ServerNetwork</Filter>
    </ClInclude>
    <ClInclude Include="ServerNetwork\Define.h">
      <Filter>ServerNetwork</Filter>
    </ClInclude>
    <ClInclude Include="ServerNetwork\IOCPServer.h">
      <Filter>ServerNetwork</Filter>
    </ClInclude>
    <ClInclude Include="Packet\Packet.h">
      <Filter>Packet</Filter>
    </ClInclude>
    <ClInclude Include="Packet\PacketSession.h">
      <Filter>Packet</Filter>
    </ClInclude>
    <ClInclude Include="Packet\PacketType.h">
      <Filter>Packet</Filter>
    </ClInclude>
    <ClInclude Include="Packet\PaketManager.h">
      <Filter>Packet</Filter>
    </ClInclude>
    <ClInclude Include="DB\DBConnection.h">
      <Filter>DB</Filter>
    </ClInclude>
    <ClInclude Include="DB\DBConnectionPool.h">
      <Filter>DB</Filter>
    </ClInclude>
    <ClInclude Include="DB\DBManager.h">
      <Filter>DB</Filter>
    </ClInclude>
    <ClInclude Include="RedisDefine.h">
      <Filter>Redis</Filter>
    </ClInclude>
    <ClInclude Include="RedisManager.h">
      <Filter>Redis</Filter>
    </ClInclude>
    <ClInclude Include="pch.h" />
    <ClInclude Include="Lock.h">
      <Filter>Thread</Filter>
    </ClInclude>
  </ItemGroup>
  <ItemGroup>
    <Filter Include="ServerNetwork">
      <UniqueIdentifier>{1fc0f584-76ea-4096-9ebc-805fceb35389}</UniqueIdentifier>
    </Filter>
    <Filter Include="Packet">
      <UniqueIdentifier>{8e631414-b527-4522-94c2-af06f9dbc68a}</UniqueIdentifier>
    </Filter>
    <Filter Include="DB">
      <UniqueIdentifier>{0b0ef0b3-1e95-4275-8046-accd46589697}</UniqueIdentifier>
    </Filter>
    <Filter Include="User">
      <UniqueIdentifier>{e970d6c4-4171-45b6-bb82-fb018aea6400}</UniqueIdentifier>
    </Filter>
    <Filter Include="Redis">
      <UniqueIdentifier>{89a273f9-c01f-4ca9-a4ed-c96bca25b911}</UniqueIdentifier>
    </Filter>
    <Filter Include="Thread">
      <UniqueIdentifier>{97ef9e1b-d889-48c7-997c-564c5c60eff9}</UniqueIdentifier>
    </Filter>
  </ItemGroup>
</Project>