<?xml version="1.0" encoding="utf-8"?>
<Project ToolsVersion="4.0" xmlns="http://schemas.microsoft.com/developer/msbuild/2003">
  <ItemGroup>
    <ClCompile Include="main.cpp" />
    <ClCompile Include="Packet\PacketSession.cpp">
      <Filter>Packet</Filter>
    </ClCompile>
    <ClCompile Include="Packet\PaketManager.cpp">
      <Filter>Packet</Filter>
    </ClCompile>
    <ClCompile Include="DB\DBConnection.cpp">
      <Filter>DB</Filter>
    </ClCompile>
    <ClCompile Include="DB\DBConnectionPool.cpp">
      <Filter>DB</Filter>
    </ClCompile>
    <ClCompile Include="DB\DBManager.cpp">
      <Filter>DB</Filter>
    </ClCompile>
    <ClCompile Include="RedisManager.cpp">
      <Filter>Redis</Filter>
    </ClCompile>
    <ClCompile Include="Lock.cpp">
      <Filter>Thread</Filter>
    </ClCompile>
    <ClCompile Include="DataSheetManager.cpp">
      <Filter>DataSheet</Filter>
    </ClCompile>
    <ClCompile Include="Job.cpp" />
    <ClCompile Include="JobSerialize.cpp" />
    <ClCompile Include="SystemMessageManager.cpp">
      <Filter>SystemMessage</Filter>
    </ClCompile>
    <ClCompile Include="GameObjectFactory.cpp">
      <Filter>GameObject</Filter>
    </ClCompile>
    <ClCompile Include="User\UserManager.cpp">
      <Filter>GameObject</Filter>
    </ClCompile>
    <ClCompile Include="User.cpp">
      <Filter>User</Filter>
    </ClCompile>
    <ClCompile Include="Creature.cpp" />
    <ClCompile Include="UserDBData.cpp" />
  </ItemGroup>
  <ItemGroup>
    <ClInclude Include="GameServer.h" />
    <ClInclude Include="CoreMacro.h" />
    <ClInclude Include="ServerNetwork\ClientInfo.h">
      <Filter>ServerNetwork</Filter>
    </ClInclude>
    <ClInclude Include="ServerNetwork\Define.h">
      <Filter>ServerNetwork</Filter>
    </ClInclude>
    <ClInclude Include="ServerNetwork\IOCPServer.h">
      <Filter>ServerNetwork</Filter>
    </ClInclude>
    <ClInclude Include="Packet\Packet.h">
      <Filter>Packet</Filter>
    </ClInclude>
    <ClInclude Include="Packet\PacketSession.h">
      <Filter>Packet</Filter>
    </ClInclude>
    <ClInclude Include="Packet\PacketType.h">
      <Filter>Packet</Filter>
    </ClInclude>
    <ClInclude Include="Packet\PaketManager.h">
      <Filter>Packet</Filter>
    </ClInclude>
    <ClInclude Include="DB\DBConnection.h">
      <Filter>DB</Filter>
    </ClInclude>
    <ClInclude Include="DB\DBConnectionPool.h">
      <Filter>DB</Filter>
    </ClInclude>
    <ClInclude Include="DB\DBManager.h">
      <Filter>DB</Filter>
    </ClInclude>
    <ClInclude Include="RedisDefine.h">
      <Filter>Redis</Filter>
    </ClInclude>
    <ClInclude Include="RedisManager.h">
      <Filter>Redis</Filter>
    </ClInclude>
    <ClInclude Include="pch.h" />
    <ClInclude Include="Lock.h">
      <Filter>Thread</Filter>
    </ClInclude>
    <ClInclude Include="DataSheetManager.h">
      <Filter>DataSheet</Filter>
    </ClInclude>
    <ClInclude Include="ExecuteFunctionWithThreads.h">
      <Filter>Util</Filter>
    </ClInclude>
    <ClInclude Include="Job.h" />
    <ClInclude Include="JobSerialize.h" />
    <ClInclude Include="SystemMessageManager.h">
      <Filter>SystemMessage</Filter>
    </ClInclude>
    <ClInclude Include="GameObjectFactory.h">
      <Filter>GameObject</Filter>
    </ClInclude>
    <ClInclude Include="User\UserManager.h">
      <Filter>GameObject</Filter>
    </ClInclude>
    <ClInclude Include="User.h">
      <Filter>User</Filter>
    </ClInclude>
    <ClInclude Include="Creature.h" />
    <ClInclude Include="UserDBData.h" />
  </ItemGroup>
  <ItemGroup>
    <Filter Include="ServerNetwork">
      <UniqueIdentifier>{1fc0f584-76ea-4096-9ebc-805fceb35389}</UniqueIdentifier>
    </Filter>
    <Filter Include="Packet">
      <UniqueIdentifier>{8e631414-b527-4522-94c2-af06f9dbc68a}</UniqueIdentifier>
    </Filter>
    <Filter Include="DB">
      <UniqueIdentifier>{0b0ef0b3-1e95-4275-8046-accd46589697}</UniqueIdentifier>
    </Filter>
    <Filter Include="User">
      <UniqueIdentifier>{e970d6c4-4171-45b6-bb82-fb018aea6400}</UniqueIdentifier>
    </Filter>
    <Filter Include="Redis">
      <UniqueIdentifier>{89a273f9-c01f-4ca9-a4ed-c96bca25b911}</UniqueIdentifier>
    </Filter>
    <Filter Include="Thread">
      <UniqueIdentifier>{97ef9e1b-d889-48c7-997c-564c5c60eff9}</UniqueIdentifier>
    </Filter>
    <Filter Include="DataSheet">
      <UniqueIdentifier>{3ccbe9f0-2214-4cec-9105-bb29f79ea99f}</UniqueIdentifier>
    </Filter>
    <Filter Include="Util">
      <UniqueIdentifier>{e416089b-a406-4f45-b106-721c3109c560}</UniqueIdentifier>
    </Filter>
    <Filter Include="SystemMessage">
      <UniqueIdentifier>{3bb04795-ee15-4c6e-9c08-712f4c6b4cc6}</UniqueIdentifier>
    </Filter>
    <Filter Include="GameObject">
      <UniqueIdentifier>{8eef2c52-a2e5-4ae2-977f-0f98a9dc8985}</UniqueIdentifier>
    </Filter>
    <Filter Include="Map">
      <UniqueIdentifier>{3b5d29e2-1d36-4252-b934-cee29ad59935}</UniqueIdentifier>
    </Filter>
    <Filter Include="GameObjectComponent">
      <UniqueIdentifier>{673f14cd-96bc-4448-9d70-44950877083e}</UniqueIdentifier>
    </Filter>
    <Filter Include="DB\UserDB">
      <UniqueIdentifier>{d5a05d48-900c-4cce-8487-1a4015a47781}</UniqueIdentifier>
    </Filter>
  </ItemGroup>
</Project>