
Microsoft Visual Studio Solution File, Format Version 12.00
# Visual Studio Version 17
VisualStudioVersion = 17.7.34024.191
MinimumVisualStudioVersion = 10.0.40219.1
Project("{8BC9CEB8-8B4A-11D0-8D11-00A0C91BC942}") = "IOCPServer", "IOCP.vcxproj", "{3AABBED2-FCBF-4690-82C6-288C21E70052}"
EndProject
Project("{8BC9CEB8-8B4A-11D0-8D11-00A0C91BC942}") = "ServerCore", "..\ServerCore\ServerCore.vcxproj", "{3EFDA382-A96A-45D0-9913-63D11613D99B}"
EndProject
Global
	GlobalSection(SolutionConfigurationPlatforms) = preSolution
		Debug Win64|x64 = Debug Win64|x64
		Debug Win64|x86 = Debug Win64|x86
		Debug|x64 = Debug|x64
		Debug|x86 = Debug|x86
		Release Win64|x64 = Release Win64|x64
		Release Win64|x86 = Release Win64|x86
		Release|x64 = Release|x64
		Release|x86 = Release|x86
	EndGlobalSection
	GlobalSection(ProjectConfigurationPlatforms) = postSolution
		{3AABBED2-FCBF-4690-82C6-288C21E70052}.Debug Win64|x64.ActiveCfg = Debug Win64|x64
		{3AABBED2-FCBF-4690-82C6-288C21E70052}.Debug Win64|x64.Build.0 = Debug Win64|x64
		{3AABBED2-FCBF-4690-82C6-288C21E70052}.Debug Win64|x86.ActiveCfg = Debug Win64|x64
		{3AABBED2-FCBF-4690-82C6-288C21E70052}.Debug Win64|x86.Build.0 = Debug Win64|x64
		{3AABBED2-FCBF-4690-82C6-288C21E70052}.Debug|x64.ActiveCfg = Debug Win64|x64
		{3AABBED2-FCBF-4690-82C6-288C21E70052}.Debug|x64.Build.0 = Debug Win64|x64
		{3AABBED2-FCBF-4690-82C6-288C21E70052}.Debug|x86.ActiveCfg = Debug Win64|x64
		{3AABBED2-FCBF-4690-82C6-288C21E70052}.Debug|x86.Build.0 = Debug Win64|x64
		{3AABBED2-FCBF-4690-82C6-288C21E70052}.Release Win64|x64.ActiveCfg = Release Win64|x64
		{3AABBED2-FCBF-4690-82C6-288C21E70052}.Release Win64|x64.Build.0 = Release Win64|x64
		{3AABBED2-FCBF-4690-82C6-288C21E70052}.Release Win64|x86.ActiveCfg = Release Win64|x64
		{3AABBED2-FCBF-4690-82C6-288C21E70052}.Release Win64|x86.Build.0 = Release Win64|x64
		{3AABBED2-FCBF-4690-82C6-288C21E70052}.Release|x64.ActiveCfg = Release Win64|x64
		{3AABBED2-FCBF-4690-82C6-288C21E70052}.Release|x64.Build.0 = Release Win64|x64
		{3AABBED2-FCBF-4690-82C6-288C21E70052}.Release|x86.ActiveCfg = Release Win64|x64
		{3AABBED2-FCBF-4690-82C6-288C21E70052}.Release|x86.Build.0 = Release Win64|x64
		{3EFDA382-A96A-45D0-9913-63D11613D99B}.Debug Win64|x64.ActiveCfg = Debug|x64
		{3EFDA382-A96A-45D0-9913-63D11613D99B}.Debug Win64|x64.Build.0 = Debug|x64
		{3EFDA382-A96A-45D0-9913-63D11613D99B}.Debug Win64|x86.ActiveCfg = Debug|Win32
		{3EFDA382-A96A-45D0-9913-63D11613D99B}.Debug Win64|x86.Build.0 = Debug|Win32
		{3EFDA382-A96A-45D0-9913-63D11613D99B}.Debug|x64.ActiveCfg = Debug|x64
		{3EFDA382-A96A-45D0-9913-63D11613D99B}.Debug|x64.Build.0 = Debug|x64
		{3EFDA382-A96A-45D0-9913-63D11613D99B}.Debug|x86.ActiveCfg = Debug|Win32
		{3EFDA382-A96A-45D0-9913-63D11613D99B}.Debug|x86.Build.0 = Debug|Win32
		{3EFDA382-A96A-45D0-9913-63D11613D99B}.Release Win64|x64.ActiveCfg = Release|x64
		{3EFDA382-A96A-45D0-9913-63D11613D99B}.Release Win64|x64.Build.0 = Release|x64
		{3EFDA382-A96A-45D0-9913-63D11613D99B}.Release Win64|x86.ActiveCfg = Release|Win32
		{3EFDA382-A96A-45D0-9913-63D11613D99B}.Release Win64|x86.Build.0 = Release|Win32
		{3EFDA382-A96A-45D0-9913-63D11613D99B}.Release|x64.ActiveCfg = Release|x64
		{3EFDA382-A96A-45D0-9913-63D11613D99B}.Release|x64.Build.0 = Release|x64
		{3EFDA382-A96A-45D0-9913-63D11613D99B}.Release|x86.ActiveCfg = Release|Win32
		{3EFDA382-A96A-45D0-9913-63D11613D99B}.Release|x86.Build.0 = Release|Win32
	EndGlobalSection
	GlobalSection(SolutionProperties) = preSolution
		HideSolutionNode = FALSE
	EndGlobalSection
	GlobalSection(ExtensibilityGlobals) = postSolution
		SolutionGuid = {CF6F3309-4C3E-4731-B1C3-2498F6CC51F9}
	EndGlobalSection
EndGlobal
